// !$*UTF8*$!
{
	archiveVersion = 1;
	classes = {
	};
	objectVersion = 77;
	objects = {

/* Begin PBXBuildFile section */
		7632F6592DF3919000F17117 /* ManualFile+CoreDataClass.swift in Sources */ = {isa = PBXBuildFile; fileRef = 7632F6552DF3919000F17117 /* ManualFile+CoreDataClass.swift */; };
		7632F65A2DF3919000F17117 /* ManualFile+CoreDataProperties.swift in Sources */ = {isa = PBXBuildFile; fileRef = 7632F6562DF3919000F17117 /* ManualFile+CoreDataProperties.swift */; };
		7632F65B2DF3919000F17117 /* ManualTag+CoreDataClass.swift in Sources */ = {isa = PBXBuildFile; fileRef = 7632F6572DF3919000F17117 /* ManualTag+CoreDataClass.swift */; };
		7632F65C2DF3919000F17117 /* ManualTag+CoreDataProperties.swift in Sources */ = {isa = PBXBuildFile; fileRef = 7632F6582DF3919000F17117 /* ManualTag+CoreDataProperties.swift */; };
		76EDCDEF2DF074F500D4A8D3 /* CloudKit.framework in Frameworks */ = {isa = PBXBuildFile; fileRef = 7606A27C2DF053D900D2DED2 /* CloudKit.framework */; };
		76F78C012DF2FBC10079C560 /* LaunchScreen.storyboard in Resources */ = {isa = PBXBuildFile; fileRef = 76F78C002DF2FBC10079C560 /* LaunchScreen.storyboard */; };
/* End PBXBuildFile section */

/* Begin PBXContainerItemProxy section */
		7656114C2DED63AF00CCB4C4 /* PBXContainerItemProxy */ = {
			isa = PBXContainerItemProxy;
			containerPortal = 765611312DED63AE00CCB4C4 /* Project object */;
			proxyType = 1;
			remoteGlobalIDString = 765611382DED63AE00CCB4C4;
			remoteInfo = ManualShelf;
		};
		765611562DED63AF00CCB4C4 /* PBXContainerItemProxy */ = {
			isa = PBXContainerItemProxy;
			containerPortal = 765611312DED63AE00CCB4C4 /* Project object */;
			proxyType = 1;
			remoteGlobalIDString = 765611382DED63AE00CCB4C4;
			remoteInfo = ManualShelf;
		};
/* End PBXContainerItemProxy section */

/* Begin PBXFileReference section */
		7606A27A2DF053B200D2DED2 /* ClockKit.framework */ = {isa = PBXFileReference; lastKnownFileType = wrapper.framework; name = ClockKit.framework; path = System/Library/Frameworks/ClockKit.framework; sourceTree = SDKROOT; };
		7606A27C2DF053D900D2DED2 /* CloudKit.framework */ = {isa = PBXFileReference; lastKnownFileType = wrapper.framework; name = CloudKit.framework; path = System/Library/Frameworks/CloudKit.framework; sourceTree = SDKROOT; };
		7632F6552DF3919000F17117 /* ManualFile+CoreDataClass.swift */ = {isa = PBXFileReference; lastKnownFileType = sourcecode.swift; path = "ManualFile+CoreDataClass.swift"; sourceTree = "<group>"; };
		7632F6562DF3919000F17117 /* ManualFile+CoreDataProperties.swift */ = {isa = PBXFileReference; lastKnownFileType = sourcecode.swift; path = "ManualFile+CoreDataProperties.swift"; sourceTree = "<group>"; };
		7632F6572DF3919000F17117 /* ManualTag+CoreDataClass.swift */ = {isa = PBXFileReference; lastKnownFileType = sourcecode.swift; path = "ManualTag+CoreDataClass.swift"; sourceTree = "<group>"; };
		7632F6582DF3919000F17117 /* ManualTag+CoreDataProperties.swift */ = {isa = PBXFileReference; lastKnownFileType = sourcecode.swift; path = "ManualTag+CoreDataProperties.swift"; sourceTree = "<group>"; };
		765611392DED63AE00CCB4C4 /* ManualShelf.app */ = {isa = PBXFileReference; explicitFileType = wrapper.application; includeInIndex = 0; path = ManualShelf.app; sourceTree = BUILT_PRODUCTS_DIR; };
		7656114B2DED63AF00CCB4C4 /* ManualShelfTests.xctest */ = {isa = PBXFileReference; explicitFileType = wrapper.cfbundle; includeInIndex = 0; path = ManualShelfTests.xctest; sourceTree = BUILT_PRODUCTS_DIR; };
		765611552DED63AF00CCB4C4 /* ManualShelfUITests.xctest */ = {isa = PBXFileReference; explicitFileType = wrapper.cfbundle; includeInIndex = 0; path = ManualShelfUITests.xctest; sourceTree = BUILT_PRODUCTS_DIR; };
		76F78C002DF2FBC10079C560 /* LaunchScreen.storyboard */ = {isa = PBXFileReference; lastKnownFileType = file.storyboard; path = LaunchScreen.storyboard; sourceTree = "<group>"; };
/* End PBXFileReference section */

/* Begin PBXFileSystemSynchronizedBuildFileExceptionSet section */
		76E838752DF03C7400586D88 /* Exceptions for "ManualShelf" folder in "ManualShelf" target */ = {
			isa = PBXFileSystemSynchronizedBuildFileExceptionSet;
			membershipExceptions = (
				Info.plist,
			);
			target = 765611382DED63AE00CCB4C4 /* ManualShelf */;
		};
/* End PBXFileSystemSynchronizedBuildFileExceptionSet section */

/* Begin PBXFileSystemSynchronizedRootGroup section */
		7656113B2DED63AE00CCB4C4 /* ManualShelf */ = {
			isa = PBXFileSystemSynchronizedRootGroup;
			exceptions = (
				76E838752DF03C7400586D88 /* Exceptions for "ManualShelf" folder in "ManualShelf" target */,
			);
			path = ManualShelf;
			sourceTree = "<group>";
		};
		7656114E2DED63AF00CCB4C4 /* ManualShelfTests */ = {
			isa = PBXFileSystemSynchronizedRootGroup;
			path = ManualShelfTests;
			sourceTree = "<group>";
		};
		765611582DED63AF00CCB4C4 /* ManualShelfUITests */ = {
			isa = PBXFileSystemSynchronizedRootGroup;
			path = ManualShelfUITests;
			sourceTree = "<group>";
		};
/* End PBXFileSystemSynchronizedRootGroup section */

/* Begin PBXFrameworksBuildPhase section */
		765611362DED63AE00CCB4C4 /* Frameworks */ = {
			isa = PBXFrameworksBuildPhase;
			buildActionMask = 2147483647;
			files = (
				76EDCDEF2DF074F500D4A8D3 /* CloudKit.framework in Frameworks */,
			);
			runOnlyForDeploymentPostprocessing = 0;
		};
		765611482DED63AF00CCB4C4 /* Frameworks */ = {
			isa = PBXFrameworksBuildPhase;
			buildActionMask = 2147483647;
			files = (
			);
			runOnlyForDeploymentPostprocessing = 0;
		};
		765611522DED63AF00CCB4C4 /* Frameworks */ = {
			isa = PBXFrameworksBuildPhase;
			buildActionMask = 2147483647;
			files = (
			);
			runOnlyForDeploymentPostprocessing = 0;
		};
/* End PBXFrameworksBuildPhase section */

/* Begin PBXGroup section */
		7606A2792DF0539700D2DED2 /* Frameworks */ = {
			isa = PBXGroup;
			children = (
				7606A27C2DF053D900D2DED2 /* CloudKit.framework */,
				7606A27A2DF053B200D2DED2 /* ClockKit.framework */,
			);
			name = Frameworks;
			sourceTree = "<group>";
		};
		765611302DED63AE00CCB4C4 = {
			isa = PBXGroup;
			children = (
				7632F6552DF3919000F17117 /* ManualFile+CoreDataClass.swift */,
				7632F6562DF3919000F17117 /* ManualFile+CoreDataProperties.swift */,
				7632F6572DF3919000F17117 /* ManualTag+CoreDataClass.swift */,
				7632F6582DF3919000F17117 /* ManualTag+CoreDataProperties.swift */,
				76F78C002DF2FBC10079C560 /* LaunchScreen.storyboard */,
				7656113B2DED63AE00CCB4C4 /* ManualShelf */,
				7656114E2DED63AF00CCB4C4 /* ManualShelfTests */,
				765611582DED63AF00CCB4C4 /* ManualShelfUITests */,
				7606A2792DF0539700D2DED2 /* Frameworks */,
				7656113A2DED63AE00CCB4C4 /* Products */,
			);
			sourceTree = "<group>";
		};
		7656113A2DED63AE00CCB4C4 /* Products */ = {
			isa = PBXGroup;
			children = (
				765611392DED63AE00CCB4C4 /* ManualShelf.app */,
				7656114B2DED63AF00CCB4C4 /* ManualShelfTests.xctest */,
				765611552DED63AF00CCB4C4 /* ManualShelfUITests.xctest */,
			);
			name = Products;
			sourceTree = "<group>";
		};
/* End PBXGroup section */

/* Begin PBXNativeTarget section */
		765611382DED63AE00CCB4C4 /* ManualShelf */ = {
			isa = PBXNativeTarget;
			buildConfigurationList = 7656115F2DED63AF00CCB4C4 /* Build configuration list for PBXNativeTarget "ManualShelf" */;
			buildPhases = (
				765611352DED63AE00CCB4C4 /* Sources */,
				765611362DED63AE00CCB4C4 /* Frameworks */,
				765611372DED63AE00CCB4C4 /* Resources */,
			);
			buildRules = (
			);
			dependencies = (
			);
			fileSystemSynchronizedGroups = (
				7656113B2DED63AE00CCB4C4 /* ManualShelf */,
			);
			name = ManualShelf;
			packageProductDependencies = (
			);
			productName = ManualShelf;
			productReference = 765611392DED63AE00CCB4C4 /* ManualShelf.app */;
			productType = "com.apple.product-type.application";
		};
		7656114A2DED63AF00CCB4C4 /* ManualShelfTests */ = {
			isa = PBXNativeTarget;
			buildConfigurationList = 765611622DED63AF00CCB4C4 /* Build configuration list for PBXNativeTarget "ManualShelfTests" */;
			buildPhases = (
				765611472DED63AF00CCB4C4 /* Sources */,
				765611482DED63AF00CCB4C4 /* Frameworks */,
				765611492DED63AF00CCB4C4 /* Resources */,
			);
			buildRules = (
			);
			dependencies = (
				7656114D2DED63AF00CCB4C4 /* PBXTargetDependency */,
			);
			fileSystemSynchronizedGroups = (
				7656114E2DED63AF00CCB4C4 /* ManualShelfTests */,
			);
			name = ManualShelfTests;
			packageProductDependencies = (
			);
			productName = ManualShelfTests;
			productReference = 7656114B2DED63AF00CCB4C4 /* ManualShelfTests.xctest */;
			productType = "com.apple.product-type.bundle.unit-test";
		};
		765611542DED63AF00CCB4C4 /* ManualShelfUITests */ = {
			isa = PBXNativeTarget;
			buildConfigurationList = 765611652DED63AF00CCB4C4 /* Build configuration list for PBXNativeTarget "ManualShelfUITests" */;
			buildPhases = (
				765611512DED63AF00CCB4C4 /* Sources */,
				765611522DED63AF00CCB4C4 /* Frameworks */,
				765611532DED63AF00CCB4C4 /* Resources */,
			);
			buildRules = (
			);
			dependencies = (
				765611572DED63AF00CCB4C4 /* PBXTargetDependency */,
			);
			fileSystemSynchronizedGroups = (
				765611582DED63AF00CCB4C4 /* ManualShelfUITests */,
			);
			name = ManualShelfUITests;
			packageProductDependencies = (
			);
			productName = ManualShelfUITests;
			productReference = 765611552DED63AF00CCB4C4 /* ManualShelfUITests.xctest */;
			productType = "com.apple.product-type.bundle.ui-testing";
		};
/* End PBXNativeTarget section */

/* Begin PBXProject section */
		765611312DED63AE00CCB4C4 /* Project object */ = {
			isa = PBXProject;
			attributes = {
				BuildIndependentTargetsInParallel = 1;
				LastSwiftUpdateCheck = 1640;
				LastUpgradeCheck = 1640;
				TargetAttributes = {
					765611382DED63AE00CCB4C4 = {
						CreatedOnToolsVersion = 16.4;
					};
					7656114A2DED63AF00CCB4C4 = {
						CreatedOnToolsVersion = 16.4;
						TestTargetID = 765611382DED63AE00CCB4C4;
					};
					765611542DED63AF00CCB4C4 = {
						CreatedOnToolsVersion = 16.4;
						TestTargetID = 765611382DED63AE00CCB4C4;
					};
				};
			};
			buildConfigurationList = 765611342DED63AE00CCB4C4 /* Build configuration list for PBXProject "ManualShelf" */;
			developmentRegion = en;
			hasScannedForEncodings = 0;
			knownRegions = (
				en,
				Base,
			);
			mainGroup = 765611302DED63AE00CCB4C4;
			minimizedProjectReferenceProxies = 1;
			preferredProjectObjectVersion = 77;
			productRefGroup = 7656113A2DED63AE00CCB4C4 /* Products */;
			projectDirPath = "";
			projectRoot = "";
			targets = (
				765611382DED63AE00CCB4C4 /* ManualShelf */,
				7656114A2DED63AF00CCB4C4 /* ManualShelfTests */,
				765611542DED63AF00CCB4C4 /* ManualShelfUITests */,
			);
		};
/* End PBXProject section */

/* Begin PBXResourcesBuildPhase section */
		765611372DED63AE00CCB4C4 /* Resources */ = {
			isa = PBXResourcesBuildPhase;
			buildActionMask = 2147483647;
			files = (
				76F78C012DF2FBC10079C560 /* LaunchScreen.storyboard in Resources */,
			);
			runOnlyForDeploymentPostprocessing = 0;
		};
		765611492DED63AF00CCB4C4 /* Resources */ = {
			isa = PBXResourcesBuildPhase;
			buildActionMask = 2147483647;
			files = (
			);
			runOnlyForDeploymentPostprocessing = 0;
		};
		765611532DED63AF00CCB4C4 /* Resources */ = {
			isa = PBXResourcesBuildPhase;
			buildActionMask = 2147483647;
			files = (
			);
			runOnlyForDeploymentPostprocessing = 0;
		};
/* End PBXResourcesBuildPhase section */

/* Begin PBXSourcesBuildPhase section */
		765611352DED63AE00CCB4C4 /* Sources */ = {
			isa = PBXSourcesBuildPhase;
			buildActionMask = 2147483647;
			files = (
				7632F6592DF3919000F17117 /* ManualFile+CoreDataClass.swift in Sources */,
				7632F65A2DF3919000F17117 /* ManualFile+CoreDataProperties.swift in Sources */,
				7632F65B2DF3919000F17117 /* ManualTag+CoreDataClass.swift in Sources */,
				7632F65C2DF3919000F17117 /* ManualTag+CoreDataProperties.swift in Sources */,
			);
			runOnlyForDeploymentPostprocessing = 0;
		};
		765611472DED63AF00CCB4C4 /* Sources */ = {
			isa = PBXSourcesBuildPhase;
			buildActionMask = 2147483647;
			files = (
			);
			runOnlyForDeploymentPostprocessing = 0;
		};
		765611512DED63AF00CCB4C4 /* Sources */ = {
			isa = PBXSourcesBuildPhase;
			buildActionMask = 2147483647;
			files = (
			);
			runOnlyForDeploymentPostprocessing = 0;
		};
/* End PBXSourcesBuildPhase section */

/* Begin PBXTargetDependency section */
		7656114D2DED63AF00CCB4C4 /* PBXTargetDependency */ = {
			isa = PBXTargetDependency;
			target = 765611382DED63AE00CCB4C4 /* ManualShelf */;
			targetProxy = 7656114C2DED63AF00CCB4C4 /* PBXContainerItemProxy */;
		};
		765611572DED63AF00CCB4C4 /* PBXTargetDependency */ = {
			isa = PBXTargetDependency;
			target = 765611382DED63AE00CCB4C4 /* ManualShelf */;
			targetProxy = 765611562DED63AF00CCB4C4 /* PBXContainerItemProxy */;
		};
/* End PBXTargetDependency section */

/* Begin XCBuildConfiguration section */
		7656115D2DED63AF00CCB4C4 /* Debug */ = {
			isa = XCBuildConfiguration;
			buildSettings = {
				ALWAYS_SEARCH_USER_PATHS = NO;
				ASSETCATALOG_COMPILER_GENERATE_SWIFT_ASSET_SYMBOL_EXTENSIONS = YES;
				CLANG_ANALYZER_NONNULL = YES;
				CLANG_ANALYZER_NUMBER_OBJECT_CONVERSION = YES_AGGRESSIVE;
				CLANG_CXX_LANGUAGE_STANDARD = "gnu++20";
				CLANG_ENABLE_MODULES = YES;
				CLANG_ENABLE_OBJC_ARC = YES;
				CLANG_ENABLE_OBJC_WEAK = YES;
				CLANG_WARN_BLOCK_CAPTURE_AUTORELEASING = YES;
				CLANG_WARN_BOOL_CONVERSION = YES;
				CLANG_WARN_COMMA = YES;
				CLANG_WARN_CONSTANT_CONVERSION = YES;
				CLANG_WARN_DEPRECATED_OBJC_IMPLEMENTATIONS = YES;
				CLANG_WARN_DIRECT_OBJC_ISA_USAGE = YES_ERROR;
				CLANG_WARN_DOCUMENTATION_COMMENTS = YES;
				CLANG_WARN_EMPTY_BODY = YES;
				CLANG_WARN_ENUM_CONVERSION = YES;
				CLANG_WARN_INFINITE_RECURSION = YES;
				CLANG_WARN_INT_CONVERSION = YES;
				CLANG_WARN_NON_LITERAL_NULL_CONVERSION = YES;
				CLANG_WARN_OBJC_IMPLICIT_RETAIN_SELF = YES;
				CLANG_WARN_OBJC_LITERAL_CONVERSION = YES;
				CLANG_WARN_OBJC_ROOT_CLASS = YES_ERROR;
				CLANG_WARN_QUOTED_INCLUDE_IN_FRAMEWORK_HEADER = YES;
				CLANG_WARN_RANGE_LOOP_ANALYSIS = YES;
				CLANG_WARN_STRICT_PROTOTYPES = YES;
				CLANG_WARN_SUSPICIOUS_MOVE = YES;
				CLANG_WARN_UNGUARDED_AVAILABILITY = YES_AGGRESSIVE;
				CLANG_WARN_UNREACHABLE_CODE = YES;
				CLANG_WARN__DUPLICATE_METHOD_MATCH = YES;
				COPY_PHASE_STRIP = NO;
				DEBUG_INFORMATION_FORMAT = dwarf;
				DEVELOPMENT_TEAM = MA9BMRX8TH;
				ENABLE_STRICT_OBJC_MSGSEND = YES;
				ENABLE_TESTABILITY = YES;
				ENABLE_USER_SCRIPT_SANDBOXING = YES;
				GCC_C_LANGUAGE_STANDARD = gnu17;
				GCC_DYNAMIC_NO_PIC = NO;
				GCC_NO_COMMON_BLOCKS = YES;
				GCC_OPTIMIZATION_LEVEL = 0;
				GCC_PREPROCESSOR_DEFINITIONS = (
					"DEBUG=1",
					"$(inherited)",
				);
				GCC_WARN_64_TO_32_BIT_CONVERSION = YES;
				GCC_WARN_ABOUT_RETURN_TYPE = YES_ERROR;
				GCC_WARN_UNDECLARED_SELECTOR = YES;
				GCC_WARN_UNINITIALIZED_AUTOS = YES_AGGRESSIVE;
				GCC_WARN_UNUSED_FUNCTION = YES;
				GCC_WARN_UNUSED_VARIABLE = YES;
				IPHONEOS_DEPLOYMENT_TARGET = 18.5;
				LOCALIZATION_PREFERS_STRING_CATALOGS = YES;
				MTL_ENABLE_DEBUG_INFO = INCLUDE_SOURCE;
				MTL_FAST_MATH = YES;
				ONLY_ACTIVE_ARCH = YES;
				SDKROOT = iphoneos;
				SWIFT_ACTIVE_COMPILATION_CONDITIONS = "DEBUG $(inherited)";
				SWIFT_OPTIMIZATION_LEVEL = "-Onone";
			};
			name = Debug;
		};
		7656115E2DED63AF00CCB4C4 /* Release */ = {
			isa = XCBuildConfiguration;
			buildSettings = {
				ALWAYS_SEARCH_USER_PATHS = NO;
				ASSETCATALOG_COMPILER_GENERATE_SWIFT_ASSET_SYMBOL_EXTENSIONS = YES;
				CLANG_ANALYZER_NONNULL = YES;
				CLANG_ANALYZER_NUMBER_OBJECT_CONVERSION = YES_AGGRESSIVE;
				CLANG_CXX_LANGUAGE_STANDARD = "gnu++20";
				CLANG_ENABLE_MODULES = YES;
				CLANG_ENABLE_OBJC_ARC = YES;
				CLANG_ENABLE_OBJC_WEAK = YES;
				CLANG_WARN_BLOCK_CAPTURE_AUTORELEASING = YES;
				CLANG_WARN_BOOL_CONVERSION = YES;
				CLANG_WARN_COMMA = YES;
				CLANG_WARN_CONSTANT_CONVERSION = YES;
				CLANG_WARN_DEPRECATED_OBJC_IMPLEMENTATIONS = YES;
				CLANG_WARN_DIRECT_OBJC_ISA_USAGE = YES_ERROR;
				CLANG_WARN_DOCUMENTATION_COMMENTS = YES;
				CLANG_WARN_EMPTY_BODY = YES;
				CLANG_WARN_ENUM_CONVERSION = YES;
				CLANG_WARN_INFINITE_RECURSION = YES;
				CLANG_WARN_INT_CONVERSION = YES;
				CLANG_WARN_NON_LITERAL_NULL_CONVERSION = YES;
				CLANG_WARN_OBJC_IMPLICIT_RETAIN_SELF = YES;
				CLANG_WARN_OBJC_LITERAL_CONVERSION = YES;
				CLANG_WARN_OBJC_ROOT_CLASS = YES_ERROR;
				CLANG_WARN_QUOTED_INCLUDE_IN_FRAMEWORK_HEADER = YES;
				CLANG_WARN_RANGE_LOOP_ANALYSIS = YES;
				CLANG_WARN_STRICT_PROTOTYPES = YES;
				CLANG_WARN_SUSPICIOUS_MOVE = YES;
				CLANG_WARN_UNGUARDED_AVAILABILITY = YES_AGGRESSIVE;
				CLANG_WARN_UNREACHABLE_CODE = YES;
				CLANG_WARN__DUPLICATE_METHOD_MATCH = YES;
				COPY_PHASE_STRIP = NO;
				DEBUG_INFORMATION_FORMAT = "dwarf-with-dsym";
				DEVELOPMENT_TEAM = MA9BMRX8TH;
				ENABLE_NS_ASSERTIONS = NO;
				ENABLE_STRICT_OBJC_MSGSEND = YES;
				ENABLE_USER_SCRIPT_SANDBOXING = YES;
				GCC_C_LANGUAGE_STANDARD = gnu17;
				GCC_NO_COMMON_BLOCKS = YES;
				GCC_WARN_64_TO_32_BIT_CONVERSION = YES;
				GCC_WARN_ABOUT_RETURN_TYPE = YES_ERROR;
				GCC_WARN_UNDECLARED_SELECTOR = YES;
				GCC_WARN_UNINITIALIZED_AUTOS = YES_AGGRESSIVE;
				GCC_WARN_UNUSED_FUNCTION = YES;
				GCC_WARN_UNUSED_VARIABLE = YES;
				IPHONEOS_DEPLOYMENT_TARGET = 18.5;
				LOCALIZATION_PREFERS_STRING_CATALOGS = YES;
				MTL_ENABLE_DEBUG_INFO = NO;
				MTL_FAST_MATH = YES;
				SDKROOT = iphoneos;
				SWIFT_COMPILATION_MODE = wholemodule;
				VALIDATE_PRODUCT = YES;
			};
			name = Release;
		};
		765611602DED63AF00CCB4C4 /* Debug */ = {
			isa = XCBuildConfiguration;
			buildSettings = {
				ASSETCATALOG_COMPILER_APPICON_NAME = AppIcon;
				ASSETCATALOG_COMPILER_GLOBAL_ACCENT_COLOR_NAME = AccentColor;
				ASSETCATALOG_COMPILER_INCLUDE_ALL_APPICON_ASSETS = YES;
				CODE_SIGN_ENTITLEMENTS = ManualShelf/ManualShelf.entitlements;
				CODE_SIGN_STYLE = Automatic;
				CURRENT_PROJECT_VERSION = 1;
				DEVELOPMENT_TEAM = MA9BMRX8TH;
				ENABLE_PREVIEWS = YES;
				GENERATE_INFOPLIST_FILE = YES;
				INFOPLIST_FILE = ManualShelf/Info.plist;
				INFOPLIST_KEY_CFBundleDisplayName = ManualShelf;
				INFOPLIST_KEY_LSApplicationCategoryType = "public.app-category.books";
				INFOPLIST_KEY_UIApplicationSceneManifest_Generation = YES;
				INFOPLIST_KEY_UIApplicationSupportsIndirectInputEvents = YES;
				INFOPLIST_KEY_UILaunchScreen_Generation = YES;
				INFOPLIST_KEY_UISupportedInterfaceOrientations_iPad = "UIInterfaceOrientationPortrait UIInterfaceOrientationPortraitUpsideDown UIInterfaceOrientationLandscapeLeft UIInterfaceOrientationLandscapeRight";
				INFOPLIST_KEY_UISupportedInterfaceOrientations_iPhone = "UIInterfaceOrientationPortrait UIInterfaceOrientationLandscapeLeft UIInterfaceOrientationLandscapeRight";
				IPHONEOS_DEPLOYMENT_TARGET = 16.6;
				LD_RUNPATH_SEARCH_PATHS = (
					"$(inherited)",
					"@executable_path/Frameworks",
				);
				MARKETING_VERSION = 1.0;
				PRODUCT_BUNDLE_IDENTIFIER = com.CHJB.ManualShelf;
				PRODUCT_NAME = "$(TARGET_NAME)";
				SUPPORTED_PLATFORMS = "iphoneos iphonesimulator";
				SUPPORTS_MACCATALYST = NO;
				SUPPORTS_XR_DESIGNED_FOR_IPHONE_IPAD = NO;
				SWIFT_EMIT_LOC_STRINGS = YES;
				SWIFT_VERSION = 5.0;
				TARGETED_DEVICE_FAMILY = "1,2";
			};
			name = Debug;
		};
		765611612DED63AF00CCB4C4 /* Release */ = {
			isa = XCBuildConfiguration;
			buildSettings = {
				ASSETCATALOG_COMPILER_APPICON_NAME = AppIcon;
				ASSETCATALOG_COMPILER_GLOBAL_ACCENT_COLOR_NAME = AccentColor;
				ASSETCATALOG_COMPILER_INCLUDE_ALL_APPICON_ASSETS = YES;
				CODE_SIGN_ENTITLEMENTS = ManualShelf/ManualShelf.entitlements;
				CODE_SIGN_STYLE = Automatic;
				CURRENT_PROJECT_VERSION = 1;
				DEVELOPMENT_TEAM = MA9BMRX8TH;
				ENABLE_PREVIEWS = YES;
				GENERATE_INFOPLIST_FILE = YES;
				INFOPLIST_FILE = ManualShelf/Info.plist;
				INFOPLIST_KEY_CFBundleDisplayName = ManualShelf;
				INFOPLIST_KEY_LSApplicationCategoryType = "public.app-category.books";
				INFOPLIST_KEY_UIApplicationSceneManifest_Generation = YES;
				INFOPLIST_KEY_UIApplicationSupportsIndirectInputEvents = YES;
				INFOPLIST_KEY_UILaunchScreen_Generation = YES;
				INFOPLIST_KEY_UISupportedInterfaceOrientations_iPad = "UIInterfaceOrientationPortrait UIInterfaceOrientationPortraitUpsideDown UIInterfaceOrientationLandscapeLeft UIInterfaceOrientationLandscapeRight";
				INFOPLIST_KEY_UISupportedInterfaceOrientations_iPhone = "UIInterfaceOrientationPortrait UIInterfaceOrientationLandscapeLeft UIInterfaceOrientationLandscapeRight";
				IPHONEOS_DEPLOYMENT_TARGET = 16.6;
				LD_RUNPATH_SEARCH_PATHS = (
					"$(inherited)",
					"@executable_path/Frameworks",
				);
				MARKETING_VERSION = 1.0;
				PRODUCT_BUNDLE_IDENTIFIER = com.CHJB.ManualShelf;
				PRODUCT_NAME = "$(TARGET_NAME)";
				SUPPORTED_PLATFORMS = "iphoneos iphonesimulator";
				SUPPORTS_MACCATALYST = NO;
				SUPPORTS_XR_DESIGNED_FOR_IPHONE_IPAD = NO;
				SWIFT_EMIT_LOC_STRINGS = YES;
				SWIFT_VERSION = 5.0;
				TARGETED_DEVICE_FAMILY = "1,2";
			};
			name = Release;
		};
		765611632DED63AF00CCB4C4 /* Debug */ = {
			isa = XCBuildConfiguration;
			buildSettings = {
				BUNDLE_LOADER = "$(TEST_HOST)";
				CODE_SIGN_STYLE = Automatic;
				CURRENT_PROJECT_VERSION = 1;
				DEVELOPMENT_TEAM = MA9BMRX8TH;
				GENERATE_INFOPLIST_FILE = YES;
				IPHONEOS_DEPLOYMENT_TARGET = 18.5;
				MARKETING_VERSION = 1.0;
				PRODUCT_BUNDLE_IDENTIFIER = CHJB.ManualShelfTests;
				PRODUCT_NAME = "$(TARGET_NAME)";
				SWIFT_EMIT_LOC_STRINGS = NO;
				SWIFT_VERSION = 5.0;
				TARGETED_DEVICE_FAMILY = "1,2";
				TEST_HOST = "$(BUILT_PRODUCTS_DIR)/ManualShelf.app/$(BUNDLE_EXECUTABLE_FOLDER_PATH)/ManualShelf";
			};
			name = Debug;
		};
		765611642DED63AF00CCB4C4 /* Release */ = {
			isa = XCBuildConfiguration;
			buildSettings = {
				BUNDLE_LOADER = "$(TEST_HOST)";
				CODE_SIGN_STYLE = Automatic;
				CURRENT_PROJECT_VERSION = 1;
				DEVELOPMENT_TEAM = MA9BMRX8TH;
				GENERATE_INFOPLIST_FILE = YES;
				IPHONEOS_DEPLOYMENT_TARGET = 18.5;
				MARKETING_VERSION = 1.0;
				PRODUCT_BUNDLE_IDENTIFIER = CHJB.ManualShelfTests;
				PRODUCT_NAME = "$(TARGET_NAME)";
				SWIFT_EMIT_LOC_STRINGS = NO;
				SWIFT_VERSION = 5.0;
				TARGETED_DEVICE_FAMILY = "1,2";
				TEST_HOST = "$(BUILT_PRODUCTS_DIR)/ManualShelf.app/$(BUNDLE_EXECUTABLE_FOLDER_PATH)/ManualShelf";
			};
			name = Release;
		};
		765611662DED63AF00CCB4C4 /* Debug */ = {
			isa = XCBuildConfiguration;
			buildSettings = {
				CODE_SIGN_STYLE = Automatic;
				CURRENT_PROJECT_VERSION = 1;
				DEVELOPMENT_TEAM = MA9BMRX8TH;
				GENERATE_INFOPLIST_FILE = YES;
				MARKETING_VERSION = 1.0;
				PRODUCT_BUNDLE_IDENTIFIER = CHJB.ManualShelfUITests;
				PRODUCT_NAME = "$(TARGET_NAME)";
				SWIFT_EMIT_LOC_STRINGS = NO;
				SWIFT_VERSION = 5.0;
				TARGETED_DEVICE_FAMILY = "1,2";
				TEST_TARGET_NAME = ManualShelf;
			};
			name = Debug;
		};
		765611672DED63AF00CCB4C4 /* Release */ = {
			isa = XCBuildConfiguration;
			buildSettings = {
				CODE_SIGN_STYLE = Automatic;
				CURRENT_PROJECT_VERSION = 1;
				DEVELOPMENT_TEAM = MA9BMRX8TH;
				GENERATE_INFOPLIST_FILE = YES;
				MARKETING_VERSION = 1.0;
				PRODUCT_BUNDLE_IDENTIFIER = CHJB.ManualShelfUITests;
				PRODUCT_NAME = "$(TARGET_NAME)";
				SWIFT_EMIT_LOC_STRINGS = NO;
				SWIFT_VERSION = 5.0;
				TARGETED_DEVICE_FAMILY = "1,2";
				TEST_TARGET_NAME = ManualShelf;
			};
			name = Release;
		};
/* End XCBuildConfiguration section */

/* Begin XCConfigurationList section */
		765611342DED63AE00CCB4C4 /* Build configuration list for PBXProject "ManualShelf" */ = {
			isa = XCConfigurationList;
			buildConfigurations = (
				7656115D2DED63AF00CCB4C4 /* Debug */,
				7656115E2DED63AF00CCB4C4 /* Release */,
			);
			defaultConfigurationIsVisible = 0;
			defaultConfigurationName = Release;
		};
		7656115F2DED63AF00CCB4C4 /* Build configuration list for PBXNativeTarget "ManualShelf" */ = {
			isa = XCConfigurationList;
			buildConfigurations = (
				765611602DED63AF00CCB4C4 /* Debug */,
				765611612DED63AF00CCB4C4 /* Release */,
			);
			defaultConfigurationIsVisible = 0;
			defaultConfigurationName = Release;
		};
		765611622DED63AF00CCB4C4 /* Build configuration list for PBXNativeTarget "ManualShelfTests" */ = {
			isa = XCConfigurationList;
			buildConfigurations = (
				765611632DED63AF00CCB4C4 /* Debug */,
				765611642DED63AF00CCB4C4 /* Release */,
			);
			defaultConfigurationIsVisible = 0;
			defaultConfigurationName = Release;
		};
		765611652DED63AF00CCB4C4 /* Build configuration list for PBXNativeTarget "ManualShelfUITests" */ = {
			isa = XCConfigurationList;
			buildConfigurations = (
				765611662DED63AF00CCB4C4 /* Debug */,
				765611672DED63AF00CCB4C4 /* Release */,
			);
			defaultConfigurationIsVisible = 0;
			defaultConfigurationName = Release;
		};
/* End XCConfigurationList section */
	};
	rootObject = 765611312DED63AE00CCB4C4 /* Project object */;
}
